
Microsoft Visual Studio Solution File, Format Version 12.00
# Visual Studio Version 17
VisualStudioVersion = 17.7.34003.232
MinimumVisualStudioVersion = 10.0.40219.1
Project("{FAE04EC0-301F-11D3-BF4B-00C04F79EFBC}") = "Liskov", "Liskov\Liskov.csproj", "{140226B2-CD3A-4F1D-9F45-4927C806BAF1}"
EndProject
Global
	GlobalSection(SolutionConfigurationPlatforms) = preSolution
		Debug|Any CPU = Debug|Any CPU
		Release|Any CPU = Release|Any CPU
	EndGlobalSection
	GlobalSection(ProjectConfigurationPlatforms) = postSolution
		{140226B2-CD3A-4F1D-9F45-4927C806BAF1}.Debug|Any CPU.ActiveCfg = Debug|Any CPU
		{140226B2-CD3A-4F1D-9F45-4927C806BAF1}.Debug|Any CPU.Build.0 = Debug|Any CPU
		{140226B2-CD3A-4F1D-9F45-4927C806BAF1}.Release|Any CPU.ActiveCfg = Release|Any CPU
		{140226B2-CD3A-4F1D-9F45-4927C806BAF1}.Release|Any CPU.Build.0 = Release|Any CPU
	EndGlobalSection
	GlobalSection(SolutionProperties) = preSolution
		HideSolutionNode = FALSE
	EndGlobalSection
	GlobalSection(ExtensibilityGlobals) = postSolution
		SolutionGuid = {1EE36C6A-3570-4967-88D9-DF79076E55FB}
	EndGlobalSection
EndGlobal
